
Microsoft Visual Studio Solution File, Format Version 12.00
# Visual Studio Version 17
VisualStudioVersion = 17.0.31606.5
MinimumVisualStudioVersion = 10.0.40219.1
Project("{9A19103F-16F7-4668-BE54-9A1E7A4F7556}") = "HttpToGrpcProxy.Tests", "HttpToGrpcProxy.Tests\HttpToGrpcProxy.Tests.csproj", "{81DB0711-EEC5-4100-87C0-6FB68813A7AA}"
EndProject
Project("{9A19103F-16F7-4668-BE54-9A1E7A4F7556}") = "HttpToGrpcProxy", "HttpToGrpcProxy\HttpToGrpcProxy.csproj", "{E906778D-0E38-4F9C-81E7-CFE2F753B171}"
EndProject
Project("{9A19103F-16F7-4668-BE54-9A1E7A4F7556}") = "ProxyInterceptorTestsClient", "ProxyInterceptorTestsClient\ProxyInterceptorTestsClient.csproj", "{A3CD9867-6CF0-4799-B2DB-609F822E54B5}"
EndProject
Project("{9A19103F-16F7-4668-BE54-9A1E7A4F7556}") = "HttpToGrpcProxy.Commons", "HttpToGrpcProxy.Commons\HttpToGrpcProxy.Commons.csproj", "{F1DB3CD3-E564-4DA9-9CD8-C5372B047665}"
EndProject
Project("{2150E333-8FDC-42A3-9474-1A3956D46DE8}") = "Solution Items", "Solution Items", "{B261B760-3155-4941-B73E-4D45C2EF3344}"
	ProjectSection(SolutionItems) = preProject
		.gitignore = .gitignore
		readme.md = readme.md
	EndProjectSection
EndProject
Project("{9A19103F-16F7-4668-BE54-9A1E7A4F7556}") = "TestApp", "DockerComposeTests\TestApp\TestApp.csproj", "{B22ECBC0-6F5F-4C65-961D-252B5797E463}"
EndProject
Project("{2150E333-8FDC-42A3-9474-1A3956D46DE8}") = "DockerComposeTests", "DockerComposeTests", "{568E14D4-1406-463F-9EB4-8EFECA967A3D}"
	ProjectSection(SolutionItems) = preProject
		docker-compose-proxy.yml = docker-compose-proxy.yml
		DockerComposeTests\docker-compose-services.yml = DockerComposeTests\docker-compose-services.yml
	EndProjectSection
EndProject
Project("{9A19103F-16F7-4668-BE54-9A1E7A4F7556}") = "TestApp.Tests", "DockerComposeTests\TestApp.Tests\TestApp.Tests.csproj", "{66F1ADB7-5907-4F1A-A7FC-9FBF6B8D0620}"
EndProject
Project("{2150E333-8FDC-42A3-9474-1A3956D46DE8}") = "Powershell", "Powershell", "{A45A8FF3-0844-4345-84D1-CBB34FF12DAE}"
EndProject
Project("{9A19103F-16F7-4668-BE54-9A1E7A4F7556}") = "HttpToGrpcProxy.Powershell", "Powershell\HttpToGrpcProxy.Powershell\HttpToGrpcProxy.Powershell.csproj", "{FCD50107-55E5-4B94-9FE3-10C366F141FF}"
EndProject
Project("{9A19103F-16F7-4668-BE54-9A1E7A4F7556}") = "HttpToGrpcProxy.Powershell.Tests", "Powershell\HttpToGrpcProxy.Powershell.Tests\HttpToGrpcProxy.Powershell.Tests.csproj", "{D53E3BE8-DDB3-4F66-867A-0D24227DBAFF}"
EndProject
Project("{2150E333-8FDC-42A3-9474-1A3956D46DE8}") = "Scripts", "Scripts", "{65A54AB8-B208-4136-A296-2E40532BE358}"
	ProjectSection(SolutionItems) = preProject
		Powershell\Scripts\develop.Steps.ps1 = Powershell\Scripts\develop.Steps.ps1
		Powershell\Scripts\docker.Steps.ps1 = Powershell\Scripts\docker.Steps.ps1
		Powershell\Scripts\http.Steps.ps1 = Powershell\Scripts\http.Steps.ps1
		Powershell\Scripts\test.feature = Powershell\Scripts\test.feature
		Powershell\Scripts\test.ps1 = Powershell\Scripts\test.ps1
	EndProjectSection
EndProject
Global
	GlobalSection(SolutionConfigurationPlatforms) = preSolution
		Debug|Any CPU = Debug|Any CPU
		Release|Any CPU = Release|Any CPU
	EndGlobalSection
	GlobalSection(ProjectConfigurationPlatforms) = postSolution
		{81DB0711-EEC5-4100-87C0-6FB68813A7AA}.Debug|Any CPU.ActiveCfg = Debug|Any CPU
		{81DB0711-EEC5-4100-87C0-6FB68813A7AA}.Debug|Any CPU.Build.0 = Debug|Any CPU
		{81DB0711-EEC5-4100-87C0-6FB68813A7AA}.Release|Any CPU.ActiveCfg = Release|Any CPU
		{81DB0711-EEC5-4100-87C0-6FB68813A7AA}.Release|Any CPU.Build.0 = Release|Any CPU
		{E906778D-0E38-4F9C-81E7-CFE2F753B171}.Debug|Any CPU.ActiveCfg = Debug|Any CPU
		{E906778D-0E38-4F9C-81E7-CFE2F753B171}.Debug|Any CPU.Build.0 = Debug|Any CPU
		{E906778D-0E38-4F9C-81E7-CFE2F753B171}.Release|Any CPU.ActiveCfg = Release|Any CPU
		{E906778D-0E38-4F9C-81E7-CFE2F753B171}.Release|Any CPU.Build.0 = Release|Any CPU
		{A3CD9867-6CF0-4799-B2DB-609F822E54B5}.Debug|Any CPU.ActiveCfg = Debug|Any CPU
		{A3CD9867-6CF0-4799-B2DB-609F822E54B5}.Debug|Any CPU.Build.0 = Debug|Any CPU
		{A3CD9867-6CF0-4799-B2DB-609F822E54B5}.Release|Any CPU.ActiveCfg = Release|Any CPU
		{A3CD9867-6CF0-4799-B2DB-609F822E54B5}.Release|Any CPU.Build.0 = Release|Any CPU
		{F1DB3CD3-E564-4DA9-9CD8-C5372B047665}.Debug|Any CPU.ActiveCfg = Debug|Any CPU
		{F1DB3CD3-E564-4DA9-9CD8-C5372B047665}.Debug|Any CPU.Build.0 = Debug|Any CPU
		{F1DB3CD3-E564-4DA9-9CD8-C5372B047665}.Release|Any CPU.ActiveCfg = Release|Any CPU
		{F1DB3CD3-E564-4DA9-9CD8-C5372B047665}.Release|Any CPU.Build.0 = Release|Any CPU
		{B22ECBC0-6F5F-4C65-961D-252B5797E463}.Debug|Any CPU.ActiveCfg = Debug|Any CPU
		{B22ECBC0-6F5F-4C65-961D-252B5797E463}.Debug|Any CPU.Build.0 = Debug|Any CPU
		{B22ECBC0-6F5F-4C65-961D-252B5797E463}.Release|Any CPU.ActiveCfg = Release|Any CPU
		{B22ECBC0-6F5F-4C65-961D-252B5797E463}.Release|Any CPU.Build.0 = Release|Any CPU
		{66F1ADB7-5907-4F1A-A7FC-9FBF6B8D0620}.Debug|Any CPU.ActiveCfg = Debug|Any CPU
		{66F1ADB7-5907-4F1A-A7FC-9FBF6B8D0620}.Debug|Any CPU.Build.0 = Debug|Any CPU
		{66F1ADB7-5907-4F1A-A7FC-9FBF6B8D0620}.Release|Any CPU.ActiveCfg = Release|Any CPU
		{66F1ADB7-5907-4F1A-A7FC-9FBF6B8D0620}.Release|Any CPU.Build.0 = Release|Any CPU
		{FCD50107-55E5-4B94-9FE3-10C366F141FF}.Debug|Any CPU.ActiveCfg = Debug|Any CPU
		{FCD50107-55E5-4B94-9FE3-10C366F141FF}.Debug|Any CPU.Build.0 = Debug|Any CPU
		{FCD50107-55E5-4B94-9FE3-10C366F141FF}.Release|Any CPU.ActiveCfg = Release|Any CPU
		{FCD50107-55E5-4B94-9FE3-10C366F141FF}.Release|Any CPU.Build.0 = Release|Any CPU
		{D53E3BE8-DDB3-4F66-867A-0D24227DBAFF}.Debug|Any CPU.ActiveCfg = Debug|Any CPU
		{D53E3BE8-DDB3-4F66-867A-0D24227DBAFF}.Debug|Any CPU.Build.0 = Debug|Any CPU
		{D53E3BE8-DDB3-4F66-867A-0D24227DBAFF}.Release|Any CPU.ActiveCfg = Release|Any CPU
		{D53E3BE8-DDB3-4F66-867A-0D24227DBAFF}.Release|Any CPU.Build.0 = Release|Any CPU
	EndGlobalSection
	GlobalSection(SolutionProperties) = preSolution
		HideSolutionNode = FALSE
	EndGlobalSection
	GlobalSection(NestedProjects) = preSolution
		{B22ECBC0-6F5F-4C65-961D-252B5797E463} = {568E14D4-1406-463F-9EB4-8EFECA967A3D}
		{66F1ADB7-5907-4F1A-A7FC-9FBF6B8D0620} = {568E14D4-1406-463F-9EB4-8EFECA967A3D}
		{FCD50107-55E5-4B94-9FE3-10C366F141FF} = {A45A8FF3-0844-4345-84D1-CBB34FF12DAE}
		{D53E3BE8-DDB3-4F66-867A-0D24227DBAFF} = {A45A8FF3-0844-4345-84D1-CBB34FF12DAE}
		{65A54AB8-B208-4136-A296-2E40532BE358} = {A45A8FF3-0844-4345-84D1-CBB34FF12DAE}
	EndGlobalSection
	GlobalSection(ExtensibilityGlobals) = postSolution
		SolutionGuid = {17F3074E-2A9C-443B-9AC9-5F0CEC5CC05E}
	EndGlobalSection
EndGlobal
